{
  "requires": true,
  "lockfileVersion": 1,
  "dependencies": {
    "axios": {
      "version": "0.15.3",
      "resolved": "https://registry.npmjs.org/axios/-/axios-0.15.3.tgz",
      "integrity": "sha1-LJ1jiy4ZGgjqHWzJiOrda6W9wFM=",
      "requires": {
        "follow-redirects": "1.0.0"
      }
    },
    "debug": {
      "version": "2.6.9",
      "resolved": "https://registry.npmjs.org/debug/-/debug-2.6.9.tgz",
      "integrity": "sha512-bC7ElrdJaJnPbAP+1EotYvqZsb3ecl5wi6Bfi6BJTUcNowp6cvspg0jXznRTKDjm/E7AdgFBVeAPVMNcKGsHMA==",
      "requires": {
        "ms": "2.0.0"
      }
    },
    "follow-redirects": {
      "version": "1.0.0",
      "resolved": "https://registry.npmjs.org/follow-redirects/-/follow-redirects-1.0.0.tgz",
      "integrity": "sha1-jjQpjL0uF28lTv/sdaHHjMhJ/Tc=",
      "requires": {
        "debug": "^2.2.0"
      }
    },
    "ms": {
      "version": "2.0.0",
      "resolved": "https://registry.npmjs.org/ms/-/ms-2.0.0.tgz",
      "integrity": "sha1-VgiurfwAvmwpAd9fmGF4jeDVl8g="
    },
    "vue-localstorage": {
      "version": "0.6.2",
      "resolved": "https://registry.npmjs.org/vue-localstorage/-/vue-localstorage-0.6.2.tgz",
      "integrity": "sha512-29YQVVkIdoS6BZBCJAyu9d0OR0eKSm5gk5OjsLssV1+NM4zJnf9cxhN1AVeXkUHJLqOonECweuaR8PZ2x307dw=="
    },
    "vue-page-transition": {
      "version": "0.2.2",
      "resolved": "https://registry.npmjs.org/vue-page-transition/-/vue-page-transition-0.2.2.tgz",
      "integrity": "sha512-qOx+llJ28XX0VwJNJ4GVaeNBPRmPMZac2QQgrIHVUhpXyJx2CQ2XvoQOpGD1ge7QMY3PjZ6fwTbdBwZkA3I9qA=="
    },
    "vue-router": {
      "version": "3.1.3",
      "resolved": "https://registry.npmjs.org/vue-router/-/vue-router-3.1.3.tgz",
      "integrity": "sha512-8iSa4mGNXBjyuSZFCCO4fiKfvzqk+mhL0lnKuGcQtO1eoj8nq3CmbEG8FwK5QqoqwDgsjsf1GDuisDX4cdb/aQ=="
    },
    "vuetable-2": {
      "version": "2.0.0-beta.4",
      "resolved": "https://registry.npmjs.org/vuetable-2/-/vuetable-2-2.0.0-beta.4.tgz",
      "integrity": "sha512-sWSdKIPYiATI9hOuPlQ09iSWEFAfhe6sPovl4hK2SemvqvgxLIF8UjG3LwJJC7idWS9UPpK9fRrSXoFJhRcluQ==",
      "requires": {
        "axios": "^0.15.3"
      }
    }
  }
}
